// !$*UTF8*$!
{
	archiveVersion = 1;
	classes = {
	};
	objectVersion = 46;
	objects = {

/* Begin PBXBuildFile section */
		9D13EE7E1BB8337000A35E5E /* main.m in Sources */ = {isa = PBXBuildFile; fileRef = 9D13EE7D1BB8337000A35E5E /* main.m */; };
		9D13EE811BB8337000A35E5E /* AppDelegate.m in Sources */ = {isa = PBXBuildFile; fileRef = 9D13EE801BB8337000A35E5E /* AppDelegate.m */; };
		9D13EE841BB8337000A35E5E /* ViewController.m in Sources */ = {isa = PBXBuildFile; fileRef = 9D13EE831BB8337000A35E5E /* ViewController.m */; };
		9D13EE871BB8337000A35E5E /* Main.storyboard in Resources */ = {isa = PBXBuildFile; fileRef = 9D13EE851BB8337000A35E5E /* Main.storyboard */; };
		9D13EE891BB8337000A35E5E /* Assets.xcassets in Resources */ = {isa = PBXBuildFile; fileRef = 9D13EE881BB8337000A35E5E /* Assets.xcassets */; };
		9D13EE8C1BB8337000A35E5E /* LaunchScreen.storyboard in Resources */ = {isa = PBXBuildFile; fileRef = 9D13EE8A1BB8337000A35E5E /* LaunchScreen.storyboard */; };
		9D13EE971BB8337000A35E5E /* HelloWorldTests.m in Sources */ = {isa = PBXBuildFile; fileRef = 9D13EE961BB8337000A35E5E /* HelloWorldTests.m */; };
		9D13EEA21BB8337000A35E5E /* HelloWorldUITests.m in Sources */ = {isa = PBXBuildFile; fileRef = 9D13EEA11BB8337000A35E5E /* HelloWorldUITests.m */; };
/* End PBXBuildFile section */

/* Begin PBXContainerItemProxy section */
		9D13EE931BB8337000A35E5E /* PBXContainerItemProxy */ = {
			isa = PBXContainerItemProxy;
			containerPortal = 9D13EE711BB8337000A35E5E /* Project object */;
			proxyType = 1;
			remoteGlobalIDString = 9D13EE781BB8337000A35E5E;
			remoteInfo = HelloWorld;
		};
		9D13EE9E1BB8337000A35E5E /* PBXContainerItemProxy */ = {
			isa = PBXContainerItemProxy;
			containerPortal = 9D13EE711BB8337000A35E5E /* Project object */;
			proxyType = 1;
			remoteGlobalIDString = 9D13EE781BB8337000A35E5E;
			remoteInfo = HelloWorld;
		};
/* End PBXContainerItemProxy section */

/* Begin PBXFileReference section */
		9D13EE791BB8337000A35E5E /* HelloWorld.app */ = {isa = PBXFileReference; explicitFileType = wrapper.application; includeInIndex = 0; path = HelloWorld.app; sourceTree = BUILT_PRODUCTS_DIR; };
		9D13EE7D1BB8337000A35E5E /* main.m */ = {isa = PBXFileReference; lastKnownFileType = sourcecode.c.objc; path = main.m; sourceTree = "<group>"; };
		9D13EE7F1BB8337000A35E5E /* AppDelegate.h */ = {isa = PBXFileReference; lastKnownFileType = sourcecode.c.h; path = AppDelegate.h; sourceTree = "<group>"; };
		9D13EE801BB8337000A35E5E /* AppDelegate.m */ = {isa = PBXFileReference; lastKnownFileType = sourcecode.c.objc; path = AppDelegate.m; sourceTree = "<group>"; };
		9D13EE821BB8337000A35E5E /* ViewController.h */ = {isa = PBXFileReference; lastKnownFileType = sourcecode.c.h; path = ViewController.h; sourceTree = "<group>"; };
		9D13EE831BB8337000A35E5E /* ViewController.m */ = {isa = PBXFileReference; lastKnownFileType = sourcecode.c.objc; path = ViewController.m; sourceTree = "<group>"; };
		9D13EE861BB8337000A35E5E /* Base */ = {isa = PBXFileReference; lastKnownFileType = file.storyboard; name = Base; path = Base.lproj/Main.storyboard; sourceTree = "<group>"; };
		9D13EE881BB8337000A35E5E /* Assets.xcassets */ = {isa = PBXFileReference; lastKnownFileType = folder.assetcatalog; path = Assets.xcassets; sourceTree = "<group>"; };
		9D13EE8B1BB8337000A35E5E /* Base */ = {isa = PBXFileReference; lastKnownFileType = file.storyboard; name = Base; path = Base.lproj/LaunchScreen.storyboard; sourceTree = "<group>"; };
		9D13EE8D1BB8337000A35E5E /* Info.plist */ = {isa = PBXFileReference; lastKnownFileType = text.plist.xml; path = Info.plist; sourceTree = "<group>"; };
		9D13EE921BB8337000A35E5E /* HelloWorldTests.xctest */ = {isa = PBXFileReference; explicitFileType = wrapper.cfbundle; includeInIndex = 0; path = HelloWorldTests.xctest; sourceTree = BUILT_PRODUCTS_DIR; };
		9D13EE961BB8337000A35E5E /* HelloWorldTests.m */ = {isa = PBXFileReference; lastKnownFileType = sourcecode.c.objc; path = HelloWorldTests.m; sourceTree = "<group>"; };
		9D13EE981BB8337000A35E5E /* Info.plist */ = {isa = PBXFileReference; lastKnownFileType = text.plist.xml; path = Info.plist; sourceTree = "<group>"; };
		9D13EE9D1BB8337000A35E5E /* HelloWorldUITests.xctest */ = {isa = PBXFileReference; explicitFileType = wrapper.cfbundle; includeInIndex = 0; path = HelloWorldUITests.xctest; sourceTree = BUILT_PRODUCTS_DIR; };
		9D13EEA11BB8337000A35E5E /* HelloWorldUITests.m */ = {isa = PBXFileReference; lastKnownFileType = sourcecode.c.objc; path = HelloWorldUITests.m; sourceTree = "<group>"; };
		9D13EEA31BB8337000A35E5E /* Info.plist */ = {isa = PBXFileReference; lastKnownFileType = text.plist.xml; path = Info.plist; sourceTree = "<group>"; };
/* End PBXFileReference section */

/* Begin PBXFrameworksBuildPhase section */
		9D13EE761BB8337000A35E5E /* Frameworks */ = {
			isa = PBXFrameworksBuildPhase;
			buildActionMask = 2147483647;
			files = (
			);
			runOnlyForDeploymentPostprocessing = 0;
		};
		9D13EE8F1BB8337000A35E5E /* Frameworks */ = {
			isa = PBXFrameworksBuildPhase;
			buildActionMask = 2147483647;
			files = (
			);
			runOnlyForDeploymentPostprocessing = 0;
		};
		9D13EE9A1BB8337000A35E5E /* Frameworks */ = {
			isa = PBXFrameworksBuildPhase;
			buildActionMask = 2147483647;
			files = (
			);
			runOnlyForDeploymentPostprocessing = 0;
		};
/* End PBXFrameworksBuildPhase section */

/* Begin PBXGroup section */
		9D13EE701BB8337000A35E5E = {
			isa = PBXGroup;
			children = (
				9D13EE7B1BB8337000A35E5E /* HelloWorld */,
				9D13EE951BB8337000A35E5E /* HelloWorldTests */,
				9D13EEA01BB8337000A35E5E /* HelloWorldUITests */,
				9D13EE7A1BB8337000A35E5E /* Products */,
			);
			sourceTree = "<group>";
		};
		9D13EE7A1BB8337000A35E5E /* Products */ = {
			isa = PBXGroup;
			children = (
				9D13EE791BB8337000A35E5E /* HelloWorld.app */,
				9D13EE921BB8337000A35E5E /* HelloWorldTests.xctest */,
				9D13EE9D1BB8337000A35E5E /* HelloWorldUITests.xctest */,
			);
			name = Products;
			sourceTree = "<group>";
		};
		9D13EE7B1BB8337000A35E5E /* HelloWorld */ = {
			isa = PBXGroup;
			children = (
				9D13EE7F1BB8337000A35E5E /* AppDelegate.h */,
				9D13EE801BB8337000A35E5E /* AppDelegate.m */,
				9D13EE821BB8337000A35E5E /* ViewController.h */,
				9D13EE831BB8337000A35E5E /* ViewController.m */,
				9D13EE851BB8337000A35E5E /* Main.storyboard */,
				9D13EE881BB8337000A35E5E /* Assets.xcassets */,
				9D13EE8A1BB8337000A35E5E /* LaunchScreen.storyboard */,
				9D13EE8D1BB8337000A35E5E /* Info.plist */,
				9D13EE7C1BB8337000A35E5E /* Supporting Files */,
			);
			path = HelloWorld;
			sourceTree = "<group>";
		};
		9D13EE7C1BB8337000A35E5E /* Supporting Files */ = {
			isa = PBXGroup;
			children = (
				9D13EE7D1BB8337000A35E5E /* main.m */,
			);
			name = "Supporting Files";
			sourceTree = "<group>";
		};
		9D13EE951BB8337000A35E5E /* HelloWorldTests */ = {
			isa = PBXGroup;
			children = (
				9D13EE961BB8337000A35E5E /* HelloWorldTests.m */,
				9D13EE981BB8337000A35E5E /* Info.plist */,
			);
			path = HelloWorldTests;
			sourceTree = "<group>";
		};
		9D13EEA01BB8337000A35E5E /* HelloWorldUITests */ = {
			isa = PBXGroup;
			children = (
				9D13EEA11BB8337000A35E5E /* HelloWorldUITests.m */,
				9D13EEA31BB8337000A35E5E /* Info.plist */,
			);
			path = HelloWorldUITests;
			sourceTree = "<group>";
		};
/* End PBXGroup section */

/* Begin PBXNativeTarget section */
		9D13EE781BB8337000A35E5E /* HelloWorld */ = {
			isa = PBXNativeTarget;
			buildConfigurationList = 9D13EEA61BB8337000A35E5E /* Build configuration list for PBXNativeTarget "HelloWorld" */;
			buildPhases = (
				9D13EE751BB8337000A35E5E /* Sources */,
				9D13EE761BB8337000A35E5E /* Frameworks */,
				9D13EE771BB8337000A35E5E /* Resources */,
			);
			buildRules = (
			);
			dependencies = (
			);
			name = HelloWorld;
			productName = HelloWorld;
			productReference = 9D13EE791BB8337000A35E5E /* HelloWorld.app */;
			productType = "com.apple.product-type.application";
		};
		9D13EE911BB8337000A35E5E /* HelloWorldTests */ = {
			isa = PBXNativeTarget;
			buildConfigurationList = 9D13EEA91BB8337000A35E5E /* Build configuration list for PBXNativeTarget "HelloWorldTests" */;
			buildPhases = (
				9D13EE8E1BB8337000A35E5E /* Sources */,
				9D13EE8F1BB8337000A35E5E /* Frameworks */,
				9D13EE901BB8337000A35E5E /* Resources */,
			);
			buildRules = (
			);
			dependencies = (
				9D13EE941BB8337000A35E5E /* PBXTargetDependency */,
			);
			name = HelloWorldTests;
			productName = HelloWorldTests;
			productReference = 9D13EE921BB8337000A35E5E /* HelloWorldTests.xctest */;
			productType = "com.apple.product-type.bundle.unit-test";
		};
		9D13EE9C1BB8337000A35E5E /* HelloWorldUITests */ = {
			isa = PBXNativeTarget;
			buildConfigurationList = 9D13EEAC1BB8337000A35E5E /* Build configuration list for PBXNativeTarget "HelloWorldUITests" */;
			buildPhases = (
				9D13EE991BB8337000A35E5E /* Sources */,
				9D13EE9A1BB8337000A35E5E /* Frameworks */,
				9D13EE9B1BB8337000A35E5E /* Resources */,
			);
			buildRules = (
			);
			dependencies = (
				9D13EE9F1BB8337000A35E5E /* PBXTargetDependency */,
			);
			name = HelloWorldUITests;
			productName = HelloWorldUITests;
			productReference = 9D13EE9D1BB8337000A35E5E /* HelloWorldUITests.xctest */;
			productType = "com.apple.product-type.bundle.ui-testing";
		};
/* End PBXNativeTarget section */

/* Begin PBXProject section */
		9D13EE711BB8337000A35E5E /* Project object */ = {
			isa = PBXProject;
			attributes = {
				LastUpgradeCheck = 0700;
				ORGANIZATIONNAME = "Amit Lavi";
				TargetAttributes = {
					9D13EE781BB8337000A35E5E = {
						CreatedOnToolsVersion = 7.0;
					};
					9D13EE911BB8337000A35E5E = {
						CreatedOnToolsVersion = 7.0;
						TestTargetID = 9D13EE781BB8337000A35E5E;
					};
					9D13EE9C1BB8337000A35E5E = {
						CreatedOnToolsVersion = 7.0;
						TestTargetID = 9D13EE781BB8337000A35E5E;
					};
				};
			};
			buildConfigurationList = 9D13EE741BB8337000A35E5E /* Build configuration list for PBXProject "HelloWorld" */;
			compatibilityVersion = "Xcode 3.2";
			developmentRegion = English;
			hasScannedForEncodings = 0;
			knownRegions = (
				en,
				Base,
			);
			mainGroup = 9D13EE701BB8337000A35E5E;
			productRefGroup = 9D13EE7A1BB8337000A35E5E /* Products */;
			projectDirPath = "";
			projectRoot = "";
			targets = (
				9D13EE781BB8337000A35E5E /* HelloWorld */,
				9D13EE911BB8337000A35E5E /* HelloWorldTests */,
				9D13EE9C1BB8337000A35E5E /* HelloWorldUITests */,
			);
		};
/* End PBXProject section */

/* Begin PBXResourcesBuildPhase section */
		9D13EE771BB8337000A35E5E /* Resources */ = {
			isa = PBXResourcesBuildPhase;
			buildActionMask = 2147483647;
			files = (
				9D13EE8C1BB8337000A35E5E /* LaunchScreen.storyboard in Resources */,
				9D13EE891BB8337000A35E5E /* Assets.xcassets in Resources */,
				9D13EE871BB8337000A35E5E /* Main.storyboard in Resources */,
			);
			runOnlyForDeploymentPostprocessing = 0;
		};
		9D13EE901BB8337000A35E5E /* Resources */ = {
			isa = PBXResourcesBuildPhase;
			buildActionMask = 2147483647;
			files = (
			);
			runOnlyForDeploymentPostprocessing = 0;
		};
		9D13EE9B1BB8337000A35E5E /* Resources */ = {
			isa = PBXResourcesBuildPhase;
			buildActionMask = 2147483647;
			files = (
			);
			runOnlyForDeploymentPostprocessing = 0;
		};
/* End PBXResourcesBuildPhase section */

/* Begin PBXSourcesBuildPhase section */
		9D13EE751BB8337000A35E5E /* Sources */ = {
			isa = PBXSourcesBuildPhase;
			buildActionMask = 2147483647;
			files = (
				9D13EE841BB8337000A35E5E /* ViewController.m in Sources */,
				9D13EE811BB8337000A35E5E /* AppDelegate.m in Sources */,
				9D13EE7E1BB8337000A35E5E /* main.m in Sources */,
			);
			runOnlyForDeploymentPostprocessing = 0;
		};
		9D13EE8E1BB8337000A35E5E /* Sources */ = {
			isa = PBXSourcesBuildPhase;
			buildActionMask = 2147483647;
			files = (
				9D13EE971BB8337000A35E5E /* HelloWorldTests.m in Sources */,
			);
			runOnlyForDeploymentPostprocessing = 0;
		};
		9D13EE991BB8337000A35E5E /* Sources */ = {
			isa = PBXSourcesBuildPhase;
			buildActionMask = 2147483647;
			files = (
				9D13EEA21BB8337000A35E5E /* HelloWorldUITests.m in Sources */,
			);
			runOnlyForDeploymentPostprocessing = 0;
		};
/* End PBXSourcesBuildPhase section */

/* Begin PBXTargetDependency section */
		9D13EE941BB8337000A35E5E /* PBXTargetDependency */ = {
			isa = PBXTargetDependency;
			target = 9D13EE781BB8337000A35E5E /* HelloWorld */;
			targetProxy = 9D13EE931BB8337000A35E5E /* PBXContainerItemProxy */;
		};
		9D13EE9F1BB8337000A35E5E /* PBXTargetDependency */ = {
			isa = PBXTargetDependency;
			target = 9D13EE781BB8337000A35E5E /* HelloWorld */;
			targetProxy = 9D13EE9E1BB8337000A35E5E /* PBXContainerItemProxy */;
		};
/* End PBXTargetDependency section */

/* Begin PBXVariantGroup section */
		9D13EE851BB8337000A35E5E /* Main.storyboard */ = {
			isa = PBXVariantGroup;
			children = (
				9D13EE861BB8337000A35E5E /* Base */,
			);
			name = Main.storyboard;
			sourceTree = "<group>";
		};
		9D13EE8A1BB8337000A35E5E /* LaunchScreen.storyboard */ = {
			isa = PBXVariantGroup;
			children = (
				9D13EE8B1BB8337000A35E5E /* Base */,
			);
			name = LaunchScreen.storyboard;
			sourceTree = "<group>";
		};
/* End PBXVariantGroup section */

/* Begin XCBuildConfiguration section */
		9D13EEA41BB8337000A35E5E /* Debug */ = {
			isa = XCBuildConfiguration;
			buildSettings = {
				ALWAYS_SEARCH_USER_PATHS = NO;
				CLANG_CXX_LANGUAGE_STANDARD = "gnu++0x";
				CLANG_CXX_LIBRARY = "libc++";
				CLANG_ENABLE_MODULES = YES;
				CLANG_ENABLE_OBJC_ARC = YES;
				CLANG_WARN_BOOL_CONVERSION = YES;
				CLANG_WARN_CONSTANT_CONVERSION = YES;
				CLANG_WARN_DIRECT_OBJC_ISA_USAGE = YES_ERROR;
				CLANG_WARN_EMPTY_BODY = YES;
				CLANG_WARN_ENUM_CONVERSION = YES;
				CLANG_WARN_INT_CONVERSION = YES;
				CLANG_WARN_OBJC_ROOT_CLASS = YES_ERROR;
				CLANG_WARN_UNREACHABLE_CODE = YES;
				CLANG_WARN__DUPLICATE_METHOD_MATCH = YES;
				"CODE_SIGN_IDENTITY[sdk=iphoneos*]" = "iPhone Developer";
				COPY_PHASE_STRIP = NO;
				DEBUG_INFORMATION_FORMAT = dwarf;
				ENABLE_STRICT_OBJC_MSGSEND = YES;
				ENABLE_TESTABILITY = YES;
				GCC_C_LANGUAGE_STANDARD = gnu99;
				GCC_DYNAMIC_NO_PIC = NO;
				GCC_NO_COMMON_BLOCKS = YES;
				GCC_OPTIMIZATION_LEVEL = 0;
				GCC_PREPROCESSOR_DEFINITIONS = (
					"DEBUG=1",
					"$(inherited)",
				);
				GCC_WARN_64_TO_32_BIT_CONVERSION = YES;
				GCC_WARN_ABOUT_RETURN_TYPE = YES_ERROR;
				GCC_WARN_UNDECLARED_SELECTOR = YES;
				GCC_WARN_UNINITIALIZED_AUTOS = YES_AGGRESSIVE;
				GCC_WARN_UNUSED_FUNCTION = YES;
				GCC_WARN_UNUSED_VARIABLE = YES;
				IPHONEOS_DEPLOYMENT_TARGET = 9.0;
				MTL_ENABLE_DEBUG_INFO = YES;
				ONLY_ACTIVE_ARCH = YES;
				SDKROOT = iphoneos;
			};
			name = Debug;
		};
		9D13EEA51BB8337000A35E5E /* Release */ = {
			isa = XCBuildConfiguration;
			buildSettings = {
				ALWAYS_SEARCH_USER_PATHS = NO;
				CLANG_CXX_LANGUAGE_STANDARD = "gnu++0x";
				CLANG_CXX_LIBRARY = "libc++";
				CLANG_ENABLE_MODULES = YES;
				CLANG_ENABLE_OBJC_ARC = YES;
				CLANG_WARN_BOOL_CONVERSION = YES;
				CLANG_WARN_CONSTANT_CONVERSION = YES;
				CLANG_WARN_DIRECT_OBJC_ISA_USAGE = YES_ERROR;
				CLANG_WARN_EMPTY_BODY = YES;
				CLANG_WARN_ENUM_CONVERSION = YES;
				CLANG_WARN_INT_CONVERSION = YES;
				CLANG_WARN_OBJC_ROOT_CLASS = YES_ERROR;
				CLANG_WARN_UNREACHABLE_CODE = YES;
				CLANG_WARN__DUPLICATE_METHOD_MATCH = YES;
				"CODE_SIGN_IDENTITY[sdk=iphoneos*]" = "iPhone Developer";
				COPY_PHASE_STRIP = NO;
				DEBUG_INFORMATION_FORMAT = "dwarf-with-dsym";
				ENABLE_NS_ASSERTIONS = NO;
				ENABLE_STRICT_OBJC_MSGSEND = YES;
				GCC_C_LANGUAGE_STANDARD = gnu99;
				GCC_NO_COMMON_BLOCKS = YES;
				GCC_WARN_64_TO_32_BIT_CONVERSION = YES;
				GCC_WARN_ABOUT_RETURN_TYPE = YES_ERROR;
				GCC_WARN_UNDECLARED_SELECTOR = YES;
				GCC_WARN_UNINITIALIZED_AUTOS = YES_AGGRESSIVE;
				GCC_WARN_UNUSED_FUNCTION = YES;
				GCC_WARN_UNUSED_VARIABLE = YES;
				IPHONEOS_DEPLOYMENT_TARGET = 9.0;
				MTL_ENABLE_DEBUG_INFO = NO;
				SDKROOT = iphoneos;
				VALIDATE_PRODUCT = YES;
			};
			name = Release;
		};
		9D13EEA71BB8337000A35E5E /* Debug */ = {
			isa = XCBuildConfiguration;
			buildSettings = {
				ASSETCATALOG_COMPILER_APPICON_NAME = AppIcon;
				INFOPLIST_FILE = HelloWorld/Info.plist;
				LD_RUNPATH_SEARCH_PATHS = "$(inherited) @executable_path/Frameworks";
				PRODUCT_BUNDLE_IDENTIFIER = com.example.HelloWorld;
				PRODUCT_NAME = "$(TARGET_NAME)";
			};
			name = Debug;
		};
		9D13EEA81BB8337000A35E5E /* Release */ = {
			isa = XCBuildConfiguration;
			buildSettings = {
				ASSETCATALOG_COMPILER_APPICON_NAME = AppIcon;
				INFOPLIST_FILE = HelloWorld/Info.plist;
				LD_RUNPATH_SEARCH_PATHS = "$(inherited) @executable_path/Frameworks";
				PRODUCT_BUNDLE_IDENTIFIER = com.example.HelloWorld;
				PRODUCT_NAME = "$(TARGET_NAME)";
			};
			name = Release;
		};
		9D13EEAA1BB8337000A35E5E /* Debug */ = {
			isa = XCBuildConfiguration;
			buildSettings = {
				BUNDLE_LOADER = "$(TEST_HOST)";
				INFOPLIST_FILE = HelloWorldTests/Info.plist;
				LD_RUNPATH_SEARCH_PATHS = "$(inherited) @executable_path/Frameworks @loader_path/Frameworks";
				PRODUCT_BUNDLE_IDENTIFIER = com.example.HelloWorldTests;
				PRODUCT_NAME = "$(TARGET_NAME)";
				TEST_HOST = "$(BUILT_PRODUCTS_DIR)/HelloWorld.app/HelloWorld";
			};
			name = Debug;
		};
		9D13EEAB1BB8337000A35E5E /* Release */ = {
			isa = XCBuildConfiguration;
			buildSettings = {
				BUNDLE_LOADER = "$(TEST_HOST)";
				INFOPLIST_FILE = HelloWorldTests/Info.plist;
				LD_RUNPATH_SEARCH_PATHS = "$(inherited) @executable_path/Frameworks @loader_path/Frameworks";
				PRODUCT_BUNDLE_IDENTIFIER = com.example.HelloWorldTests;
				PRODUCT_NAME = "$(TARGET_NAME)";
				TEST_HOST = "$(BUILT_PRODUCTS_DIR)/HelloWorld.app/HelloWorld";
			};
			name = Release;
		};
		9D13EEAD1BB8337000A35E5E /* Debug */ = {
			isa = XCBuildConfiguration;
			buildSettings = {
				INFOPLIST_FILE = HelloWorldUITests/Info.plist;
				LD_RUNPATH_SEARCH_PATHS = "$(inherited) @executable_path/Frameworks @loader_path/Frameworks";
				PRODUCT_BUNDLE_IDENTIFIER = com.example.HelloWorldUITests;
				PRODUCT_NAME = "$(TARGET_NAME)";
				TEST_TARGET_NAME = HelloWorld;
				USES_XCTRUNNER = YES;
			};
			name = Debug;
		};
		9D13EEAE1BB8337000A35E5E /* Release */ = {
			isa = XCBuildConfiguration;
			buildSettings = {
				INFOPLIST_FILE = HelloWorldUITests/Info.plist;
				LD_RUNPATH_SEARCH_PATHS = "$(inherited) @executable_path/Frameworks @loader_path/Frameworks";
				PRODUCT_BUNDLE_IDENTIFIER = com.example.HelloWorldUITests;
				PRODUCT_NAME = "$(TARGET_NAME)";
				TEST_TARGET_NAME = HelloWorld;
				USES_XCTRUNNER = YES;
			};
			name = Release;
		};
/* End XCBuildConfiguration section */

/* Begin XCConfigurationList section */
		9D13EE741BB8337000A35E5E /* Build configuration list for PBXProject "HelloWorld" */ = {
			isa = XCConfigurationList;
			buildConfigurations = (
				9D13EEA41BB8337000A35E5E /* Debug */,
				9D13EEA51BB8337000A35E5E /* Release */,
			);
			defaultConfigurationIsVisible = 0;
			defaultConfigurationName = Release;
		};
		9D13EEA61BB8337000A35E5E /* Build configuration list for PBXNativeTarget "HelloWorld" */ = {
			isa = XCConfigurationList;
			buildConfigurations = (
				9D13EEA71BB8337000A35E5E /* Debug */,
				9D13EEA81BB8337000A35E5E /* Release */,
			);
			defaultConfigurationIsVisible = 0;
		};
		9D13EEA91BB8337000A35E5E /* Build configuration list for PBXNativeTarget "HelloWorldTests" */ = {
			isa = XCConfigurationList;
			buildConfigurations = (
				9D13EEAA1BB8337000A35E5E /* Debug */,
				9D13EEAB1BB8337000A35E5E /* Release */,
			);
			defaultConfigurationIsVisible = 0;
		};
		9D13EEAC1BB8337000A35E5E /* Build configuration list for PBXNativeTarget "HelloWorldUITests" */ = {
			isa = XCConfigurationList;
			buildConfigurations = (
				9D13EEAD1BB8337000A35E5E /* Debug */,
				9D13EEAE1BB8337000A35E5E /* Release */,
			);
			defaultConfigurationIsVisible = 0;
		};
/* End XCConfigurationList section */
	};
	rootObject = 9D13EE711BB8337000A35E5E /* Project object */;
}
